// !$*UTF8*$!
{
	archiveVersion = 1;
	classes = {
	};
	objectVersion = 51;
	objects = {

/* Begin PBXBuildFile section */
		BF289AF4264F9E3700632A2F /* User.swift in Sources */ = {isa = PBXBuildFile; fileRef = BF289AF3264F9E3700632A2F /* User.swift */; };
		BF4D548A2637E6D8008F29AE /* GoogleService-Info.plist in Resources */ = {isa = PBXBuildFile; fileRef = BF4D54892637E6D8008F29AE /* GoogleService-Info.plist */; };
		BF764CC22637E9A300BFFD11 /* Leaderboard.swift in Sources */ = {isa = PBXBuildFile; fileRef = BF764CC12637E9A300BFFD11 /* Leaderboard.swift */; };
		BF9BF78A265632B90093BFBC /* InventoryItem.swift in Sources */ = {isa = PBXBuildFile; fileRef = BF9BF789265632B90093BFBC /* InventoryItem.swift */; };
		BF9BF78F265632E50093BFBC /* InventoryItems.xib in Resources */ = {isa = PBXBuildFile; fileRef = BF9BF78D265632E50093BFBC /* InventoryItems.xib */; };
		BF9BF79326563D2B0093BFBC /* InventoryViewController.swift in Sources */ = {isa = PBXBuildFile; fileRef = BF9BF79226563D2B0093BFBC /* InventoryViewController.swift */; };
		BFD2D7D9261E4F6200977F07 /* AppDelegate.swift in Sources */ = {isa = PBXBuildFile; fileRef = BFD2D7D8261E4F6200977F07 /* AppDelegate.swift */; };
		BFD2D7DB261E4F6200977F07 /* ViewController.swift in Sources */ = {isa = PBXBuildFile; fileRef = BFD2D7DA261E4F6200977F07 /* ViewController.swift */; };
		BFD2D7DD261E4F6200977F07 /* Experience.rcproject in Sources */ = {isa = PBXBuildFile; fileRef = BFD2D7DC261E4F6200977F07 /* Experience.rcproject */; };
		BFD2D7E0261E4F6200977F07 /* Main.storyboard in Resources */ = {isa = PBXBuildFile; fileRef = BFD2D7DE261E4F6200977F07 /* Main.storyboard */; };
		BFD2D7E2261E4F6400977F07 /* Assets.xcassets in Resources */ = {isa = PBXBuildFile; fileRef = BFD2D7E1261E4F6400977F07 /* Assets.xcassets */; };
		BFD2D7E5261E4F6400977F07 /* LaunchScreen.storyboard in Resources */ = {isa = PBXBuildFile; fileRef = BFD2D7E3261E4F6400977F07 /* LaunchScreen.storyboard */; };
		FE44EE1A3239E723A8393D80 /* Pods_ARhunt.framework in Frameworks */ = {isa = PBXBuildFile; fileRef = A5BAB5746B86BB542512B2E7 /* Pods_ARhunt.framework */; };
/* End PBXBuildFile section */

/* Begin PBXFileReference section */
		3C8722358CEC46CB47A95255 /* Pods-ARhunt.debug.xcconfig */ = {isa = PBXFileReference; includeInIndex = 1; lastKnownFileType = text.xcconfig; name = "Pods-ARhunt.debug.xcconfig"; path = "Target Support Files/Pods-ARhunt/Pods-ARhunt.debug.xcconfig"; sourceTree = "<group>"; };
		73EA46F545302CD6874233C0 /* Pods-ARhunt.release.xcconfig */ = {isa = PBXFileReference; includeInIndex = 1; lastKnownFileType = text.xcconfig; name = "Pods-ARhunt.release.xcconfig"; path = "Target Support Files/Pods-ARhunt/Pods-ARhunt.release.xcconfig"; sourceTree = "<group>"; };
		A5BAB5746B86BB542512B2E7 /* Pods_ARhunt.framework */ = {isa = PBXFileReference; explicitFileType = wrapper.framework; includeInIndex = 0; path = Pods_ARhunt.framework; sourceTree = BUILT_PRODUCTS_DIR; };
		BF289AF3264F9E3700632A2F /* User.swift */ = {isa = PBXFileReference; lastKnownFileType = sourcecode.swift; path = User.swift; sourceTree = "<group>"; };
		BF4D54892637E6D8008F29AE /* GoogleService-Info.plist */ = {isa = PBXFileReference; fileEncoding = 4; lastKnownFileType = text.plist.xml; path = "GoogleService-Info.plist"; sourceTree = "<group>"; };
		BF764CC12637E9A300BFFD11 /* Leaderboard.swift */ = {isa = PBXFileReference; lastKnownFileType = sourcecode.swift; path = Leaderboard.swift; sourceTree = "<group>"; };
		BF9BF789265632B90093BFBC /* InventoryItem.swift */ = {isa = PBXFileReference; lastKnownFileType = sourcecode.swift; path = InventoryItem.swift; sourceTree = "<group>"; };
		BF9BF78D265632E50093BFBC /* InventoryItems.xib */ = {isa = PBXFileReference; lastKnownFileType = file.xib; path = InventoryItems.xib; sourceTree = "<group>"; };
		BF9BF79226563D2B0093BFBC /* InventoryViewController.swift */ = {isa = PBXFileReference; lastKnownFileType = sourcecode.swift; path = InventoryViewController.swift; sourceTree = "<group>"; };
		BFB8B0C3261F99B800866EDA /* GoldCoin.reality */ = {isa = PBXFileReference; lastKnownFileType = file; name = GoldCoin.reality; path = ../../../GoldCoin.reality; sourceTree = "<group>"; };
		BFB8B0C4261FB12400866EDA /* Coin.rcproject */ = {isa = PBXFileReference; lastKnownFileType = file.rcproject; path = Coin.rcproject; sourceTree = "<group>"; };
		BFD2D7D5261E4F6200977F07 /* ARhunt.app */ = {isa = PBXFileReference; explicitFileType = wrapper.application; includeInIndex = 0; path = ARhunt.app; sourceTree = BUILT_PRODUCTS_DIR; };
		BFD2D7D8261E4F6200977F07 /* AppDelegate.swift */ = {isa = PBXFileReference; lastKnownFileType = sourcecode.swift; path = AppDelegate.swift; sourceTree = "<group>"; };
		BFD2D7DA261E4F6200977F07 /* ViewController.swift */ = {isa = PBXFileReference; lastKnownFileType = sourcecode.swift; path = ViewController.swift; sourceTree = "<group>"; };
		BFD2D7DC261E4F6200977F07 /* Experience.rcproject */ = {isa = PBXFileReference; lastKnownFileType = file.rcproject; path = Experience.rcproject; sourceTree = "<group>"; };
		BFD2D7DF261E4F6200977F07 /* Base */ = {isa = PBXFileReference; lastKnownFileType = file.storyboard; name = Base; path = Base.lproj/Main.storyboard; sourceTree = "<group>"; };
		BFD2D7E1261E4F6400977F07 /* Assets.xcassets */ = {isa = PBXFileReference; lastKnownFileType = folder.assetcatalog; path = Assets.xcassets; sourceTree = "<group>"; };
		BFD2D7E4261E4F6400977F07 /* Base */ = {isa = PBXFileReference; lastKnownFileType = file.storyboard; name = Base; path = Base.lproj/LaunchScreen.storyboard; sourceTree = "<group>"; };
		BFD2D7E6261E4F6400977F07 /* Info.plist */ = {isa = PBXFileReference; lastKnownFileType = text.plist.xml; path = Info.plist; sourceTree = "<group>"; };
/* End PBXFileReference section */

/* Begin PBXFrameworksBuildPhase section */
		BFD2D7D2261E4F6200977F07 /* Frameworks */ = {
			isa = PBXFrameworksBuildPhase;
			buildActionMask = 2147483647;
			files = (
				FE44EE1A3239E723A8393D80 /* Pods_ARhunt.framework in Frameworks */,
			);
			runOnlyForDeploymentPostprocessing = 0;
		};
/* End PBXFrameworksBuildPhase section */

/* Begin PBXGroup section */
		AF1DC7D4DAC18541E978A4A9 /* Frameworks */ = {
			isa = PBXGroup;
			children = (
				A5BAB5746B86BB542512B2E7 /* Pods_ARhunt.framework */,
			);
			name = Frameworks;
			sourceTree = "<group>";
		};
		BF289AF6264F9E3D00632A2F /* Model */ = {
			isa = PBXGroup;
			children = (
				BF289AF3264F9E3700632A2F /* User.swift */,
			);
			path = Model;
			sourceTree = "<group>";
		};
		BF9BF77E265631650093BFBC /* View */ = {
			isa = PBXGroup;
			children = (
				BF9BF789265632B90093BFBC /* InventoryItem.swift */,
				BF9BF78D265632E50093BFBC /* InventoryItems.xib */,
			);
			path = View;
			sourceTree = "<group>";
		};
		BFD2D7CC261E4F6200977F07 = {
			isa = PBXGroup;
			children = (
				BFD2D7D7261E4F6200977F07 /* ARhunt */,
				BFD2D7D6261E4F6200977F07 /* Products */,
				EE59D3C0EC5D33FF8B62EA39 /* Pods */,
				AF1DC7D4DAC18541E978A4A9 /* Frameworks */,
			);
			sourceTree = "<group>";
		};
		BFD2D7D6261E4F6200977F07 /* Products */ = {
			isa = PBXGroup;
			children = (
				BFD2D7D5261E4F6200977F07 /* ARhunt.app */,
			);
			name = Products;
			sourceTree = "<group>";
		};
		BFD2D7D7261E4F6200977F07 /* ARhunt */ = {
			isa = PBXGroup;
			children = (
				BFB8B0C4261FB12400866EDA /* Coin.rcproject */,
				BFD2D7D8261E4F6200977F07 /* AppDelegate.swift */,
				BFD2D7DA261E4F6200977F07 /* ViewController.swift */,
				BF9BF79226563D2B0093BFBC /* InventoryViewController.swift */,
				BFD2D7DC261E4F6200977F07 /* Experience.rcproject */,
				BFB8B0C3261F99B800866EDA /* GoldCoin.reality */,
				BF4D54892637E6D8008F29AE /* GoogleService-Info.plist */,
				BFD2D7DE261E4F6200977F07 /* Main.storyboard */,
				BFD2D7E1261E4F6400977F07 /* Assets.xcassets */,
				BFD2D7E3261E4F6400977F07 /* LaunchScreen.storyboard */,
				BFD2D7E6261E4F6400977F07 /* Info.plist */,
				BF764CC12637E9A300BFFD11 /* Leaderboard.swift */,
				BF289AF6264F9E3D00632A2F /* Model */,
				BF9BF77E265631650093BFBC /* View */,
			);
			path = ARhunt;
			sourceTree = "<group>";
		};
		EE59D3C0EC5D33FF8B62EA39 /* Pods */ = {
			isa = PBXGroup;
			children = (
				3C8722358CEC46CB47A95255 /* Pods-ARhunt.debug.xcconfig */,
				73EA46F545302CD6874233C0 /* Pods-ARhunt.release.xcconfig */,
			);
			path = Pods;
			sourceTree = "<group>";
		};
/* End PBXGroup section */

/* Begin PBXNativeTarget section */
		BFD2D7D4261E4F6200977F07 /* ARhunt */ = {
			isa = PBXNativeTarget;
			buildConfigurationList = BFD2D7E9261E4F6400977F07 /* Build configuration list for PBXNativeTarget "ARhunt" */;
			buildPhases = (
				C24C19C71426140BA8B0AB7A /* [CP] Check Pods Manifest.lock */,
				BFD2D7D1261E4F6200977F07 /* Sources */,
				BFD2D7D2261E4F6200977F07 /* Frameworks */,
				BFD2D7D3261E4F6200977F07 /* Resources */,
				117B28A6784327CBD1EC781E /* [CP] Embed Pods Frameworks */,
			);
			buildRules = (
			);
			dependencies = (
			);
			name = ARhunt;
			productName = ARhunt;
			productReference = BFD2D7D5261E4F6200977F07 /* ARhunt.app */;
			productType = "com.apple.product-type.application";
		};
/* End PBXNativeTarget section */

/* Begin PBXProject section */
		BFD2D7CD261E4F6200977F07 /* Project object */ = {
			isa = PBXProject;
			attributes = {
				LastSwiftUpdateCheck = 1240;
				LastUpgradeCheck = 1240;
				TargetAttributes = {
					BFD2D7D4261E4F6200977F07 = {
						CreatedOnToolsVersion = 12.4;
					};
				};
			};
			buildConfigurationList = BFD2D7D0261E4F6200977F07 /* Build configuration list for PBXProject "ARhunt" */;
			compatibilityVersion = "Xcode 9.3";
			developmentRegion = en;
			hasScannedForEncodings = 0;
			knownRegions = (
				en,
				Base,
			);
			mainGroup = BFD2D7CC261E4F6200977F07;
			productRefGroup = BFD2D7D6261E4F6200977F07 /* Products */;
			projectDirPath = "";
			projectRoot = "";
			targets = (
				BFD2D7D4261E4F6200977F07 /* ARhunt */,
			);
		};
/* End PBXProject section */

/* Begin PBXResourcesBuildPhase section */
		BFD2D7D3261E4F6200977F07 /* Resources */ = {
			isa = PBXResourcesBuildPhase;
			buildActionMask = 2147483647;
			files = (
				BFD2D7E5261E4F6400977F07 /* LaunchScreen.storyboard in Resources */,
				BF4D548A2637E6D8008F29AE /* GoogleService-Info.plist in Resources */,
				BFD2D7E2261E4F6400977F07 /* Assets.xcassets in Resources */,
				BFD2D7E0261E4F6200977F07 /* Main.storyboard in Resources */,
				BF9BF78F265632E50093BFBC /* InventoryItems.xib in Resources */,
			);
			runOnlyForDeploymentPostprocessing = 0;
		};
/* End PBXResourcesBuildPhase section */

/* Begin PBXShellScriptBuildPhase section */
		117B28A6784327CBD1EC781E /* [CP] Embed Pods Frameworks */ = {
			isa = PBXShellScriptBuildPhase;
			buildActionMask = 2147483647;
			files = (
			);
			inputFileListPaths = (
				"${PODS_ROOT}/Target Support Files/Pods-ARhunt/Pods-ARhunt-frameworks-${CONFIGURATION}-input-files.xcfilelist",
			);
			name = "[CP] Embed Pods Frameworks";
			outputFileListPaths = (
				"${PODS_ROOT}/Target Support Files/Pods-ARhunt/Pods-ARhunt-frameworks-${CONFIGURATION}-output-files.xcfilelist",
			);
			runOnlyForDeploymentPostprocessing = 0;
			shellPath = /bin/sh;
			shellScript = "\"${PODS_ROOT}/Target Support Files/Pods-ARhunt/Pods-ARhunt-frameworks.sh\"\n";
			showEnvVarsInLog = 0;
		};
		C24C19C71426140BA8B0AB7A /* [CP] Check Pods Manifest.lock */ = {
			isa = PBXShellScriptBuildPhase;
			buildActionMask = 2147483647;
			files = (
			);
			inputFileListPaths = (
			);
			inputPaths = (
				"${PODS_PODFILE_DIR_PATH}/Podfile.lock",
				"${PODS_ROOT}/Manifest.lock",
			);
			name = "[CP] Check Pods Manifest.lock";
			outputFileListPaths = (
			);
			outputPaths = (
				"$(DERIVED_FILE_DIR)/Pods-ARhunt-checkManifestLockResult.txt",
			);
			runOnlyForDeploymentPostprocessing = 0;
			shellPath = /bin/sh;
			shellScript = "diff \"${PODS_PODFILE_DIR_PATH}/Podfile.lock\" \"${PODS_ROOT}/Manifest.lock\" > /dev/null\nif [ $? != 0 ] ; then\n    # print error to STDERR\n    echo \"error: The sandbox is not in sync with the Podfile.lock. Run 'pod install' or update your CocoaPods installation.\" >&2\n    exit 1\nfi\n# This output is used by Xcode 'outputs' to avoid re-running this script phase.\necho \"SUCCESS\" > \"${SCRIPT_OUTPUT_FILE_0}\"\n";
			showEnvVarsInLog = 0;
		};
/* End PBXShellScriptBuildPhase section */

/* Begin PBXSourcesBuildPhase section */
		BFD2D7D1261E4F6200977F07 /* Sources */ = {
			isa = PBXSourcesBuildPhase;
			buildActionMask = 2147483647;
			files = (
				BF9BF79326563D2B0093BFBC /* InventoryViewController.swift in Sources */,
				BFD2D7DB261E4F6200977F07 /* ViewController.swift in Sources */,
				BF764CC22637E9A300BFFD11 /* Leaderboard.swift in Sources */,
				BFD2D7D9261E4F6200977F07 /* AppDelegate.swift in Sources */,
				BF9BF78A265632B90093BFBC /* InventoryItem.swift in Sources */,
				BF289AF4264F9E3700632A2F /* User.swift in Sources */,
				BFD2D7DD261E4F6200977F07 /* Experience.rcproject in Sources */,
			);
			runOnlyForDeploymentPostprocessing = 0;
		};
/* End PBXSourcesBuildPhase section */

/* Begin PBXVariantGroup section */
		BFD2D7DE261E4F6200977F07 /* Main.storyboard */ = {
			isa = PBXVariantGroup;
			children = (
				BFD2D7DF261E4F6200977F07 /* Base */,
			);
			name = Main.storyboard;
			sourceTree = "<group>";
		};
		BFD2D7E3261E4F6400977F07 /* LaunchScreen.storyboard */ = {
			isa = PBXVariantGroup;
			children = (
				BFD2D7E4261E4F6400977F07 /* Base */,
			);
			name = LaunchScreen.storyboard;
			sourceTree = "<group>";
		};
/* End PBXVariantGroup section */

/* Begin XCBuildConfiguration section */
		BFD2D7E7261E4F6400977F07 /* Debug */ = {
			isa = XCBuildConfiguration;
			buildSettings = {
				ALWAYS_SEARCH_USER_PATHS = NO;
				CLANG_ANALYZER_NONNULL = YES;
				CLANG_ANALYZER_NUMBER_OBJECT_CONVERSION = YES_AGGRESSIVE;
				CLANG_CXX_LANGUAGE_STANDARD = "gnu++14";
				CLANG_CXX_LIBRARY = "libc++";
				CLANG_ENABLE_MODULES = YES;
				CLANG_ENABLE_OBJC_ARC = YES;
				CLANG_ENABLE_OBJC_WEAK = YES;
				CLANG_WARN_BLOCK_CAPTURE_AUTORELEASING = YES;
				CLANG_WARN_BOOL_CONVERSION = YES;
				CLANG_WARN_COMMA = YES;
				CLANG_WARN_CONSTANT_CONVERSION = YES;
				CLANG_WARN_DEPRECATED_OBJC_IMPLEMENTATIONS = YES;
				CLANG_WARN_DIRECT_OBJC_ISA_USAGE = YES_ERROR;
				CLANG_WARN_DOCUMENTATION_COMMENTS = YES;
				CLANG_WARN_EMPTY_BODY = YES;
				CLANG_WARN_ENUM_CONVERSION = YES;
				CLANG_WARN_INFINITE_RECURSION = YES;
				CLANG_WARN_INT_CONVERSION = YES;
				CLANG_WARN_NON_LITERAL_NULL_CONVERSION = YES;
				CLANG_WARN_OBJC_IMPLICIT_RETAIN_SELF = YES;
				CLANG_WARN_OBJC_LITERAL_CONVERSION = YES;
				CLANG_WARN_OBJC_ROOT_CLASS = YES_ERROR;
				CLANG_WARN_QUOTED_INCLUDE_IN_FRAMEWORK_HEADER = YES;
				CLANG_WARN_RANGE_LOOP_ANALYSIS = YES;
				CLANG_WARN_STRICT_PROTOTYPES = YES;
				CLANG_WARN_SUSPICIOUS_MOVE = YES;
				CLANG_WARN_UNGUARDED_AVAILABILITY = YES_AGGRESSIVE;
				CLANG_WARN_UNREACHABLE_CODE = YES;
				CLANG_WARN__DUPLICATE_METHOD_MATCH = YES;
				COPY_PHASE_STRIP = NO;
				DEBUG_INFORMATION_FORMAT = dwarf;
				ENABLE_STRICT_OBJC_MSGSEND = YES;
				ENABLE_TESTABILITY = YES;
				GCC_C_LANGUAGE_STANDARD = gnu11;
				GCC_DYNAMIC_NO_PIC = NO;
				GCC_NO_COMMON_BLOCKS = YES;
				GCC_OPTIMIZATION_LEVEL = 0;
				GCC_PREPROCESSOR_DEFINITIONS = (
					"DEBUG=1",
					"$(inherited)",
				);
				GCC_WARN_64_TO_32_BIT_CONVERSION = YES;
				GCC_WARN_ABOUT_RETURN_TYPE = YES_ERROR;
				GCC_WARN_UNDECLARED_SELECTOR = YES;
				GCC_WARN_UNINITIALIZED_AUTOS = YES_AGGRESSIVE;
				GCC_WARN_UNUSED_FUNCTION = YES;
				GCC_WARN_UNUSED_VARIABLE = YES;
				IPHONEOS_DEPLOYMENT_TARGET = 14.4;
				MTL_ENABLE_DEBUG_INFO = INCLUDE_SOURCE;
				MTL_FAST_MATH = YES;
				ONLY_ACTIVE_ARCH = YES;
				SDKROOT = iphoneos;
				SWIFT_ACTIVE_COMPILATION_CONDITIONS = DEBUG;
				SWIFT_OPTIMIZATION_LEVEL = "-Onone";
			};
			name = Debug;
		};
		BFD2D7E8261E4F6400977F07 /* Release */ = {
			isa = XCBuildConfiguration;
			buildSettings = {
				ALWAYS_SEARCH_USER_PATHS = NO;
				CLANG_ANALYZER_NONNULL = YES;
				CLANG_ANALYZER_NUMBER_OBJECT_CONVERSION = YES_AGGRESSIVE;
				CLANG_CXX_LANGUAGE_STANDARD = "gnu++14";
				CLANG_CXX_LIBRARY = "libc++";
				CLANG_ENABLE_MODULES = YES;
				CLANG_ENABLE_OBJC_ARC = YES;
				CLANG_ENABLE_OBJC_WEAK = YES;
				CLANG_WARN_BLOCK_CAPTURE_AUTORELEASING = YES;
				CLANG_WARN_BOOL_CONVERSION = YES;
				CLANG_WARN_COMMA = YES;
				CLANG_WARN_CONSTANT_CONVERSION = YES;
				CLANG_WARN_DEPRECATED_OBJC_IMPLEMENTATIONS = YES;
				CLANG_WARN_DIRECT_OBJC_ISA_USAGE = YES_ERROR;
				CLANG_WARN_DOCUMENTATION_COMMENTS = YES;
				CLANG_WARN_EMPTY_BODY = YES;
				CLANG_WARN_ENUM_CONVERSION = YES;
				CLANG_WARN_INFINITE_RECURSION = YES;
				CLANG_WARN_INT_CONVERSION = YES;
				CLANG_WARN_NON_LITERAL_NULL_CONVERSION = YES;
				CLANG_WARN_OBJC_IMPLICIT_RETAIN_SELF = YES;
				CLANG_WARN_OBJC_LITERAL_CONVERSION = YES;
				CLANG_WARN_OBJC_ROOT_CLASS = YES_ERROR;
				CLANG_WARN_QUOTED_INCLUDE_IN_FRAMEWORK_HEADER = YES;
				CLANG_WARN_RANGE_LOOP_ANALYSIS = YES;
				CLANG_WARN_STRICT_PROTOTYPES = YES;
				CLANG_WARN_SUSPICIOUS_MOVE = YES;
				CLANG_WARN_UNGUARDED_AVAILABILITY = YES_AGGRESSIVE;
				CLANG_WARN_UNREACHABLE_CODE = YES;
				CLANG_WARN__DUPLICATE_METHOD_MATCH = YES;
				COPY_PHASE_STRIP = NO;
				DEBUG_INFORMATION_FORMAT = "dwarf-with-dsym";
				ENABLE_NS_ASSERTIONS = NO;
				ENABLE_STRICT_OBJC_MSGSEND = YES;
				GCC_C_LANGUAGE_STANDARD = gnu11;
				GCC_NO_COMMON_BLOCKS = YES;
				GCC_WARN_64_TO_32_BIT_CONVERSION = YES;
				GCC_WARN_ABOUT_RETURN_TYPE = YES_ERROR;
				GCC_WARN_UNDECLARED_SELECTOR = YES;
				GCC_WARN_UNINITIALIZED_AUTOS = YES_AGGRESSIVE;
				GCC_WARN_UNUSED_FUNCTION = YES;
				GCC_WARN_UNUSED_VARIABLE = YES;
				IPHONEOS_DEPLOYMENT_TARGET = 14.4;
				MTL_ENABLE_DEBUG_INFO = NO;
				MTL_FAST_MATH = YES;
				SDKROOT = iphoneos;
				SWIFT_COMPILATION_MODE = wholemodule;
				SWIFT_OPTIMIZATION_LEVEL = "-O";
				VALIDATE_PRODUCT = YES;
			};
			name = Release;
		};
		BFD2D7EA261E4F6400977F07 /* Debug */ = {
			isa = XCBuildConfiguration;
			baseConfigurationReference = 3C8722358CEC46CB47A95255 /* Pods-ARhunt.debug.xcconfig */;
			buildSettings = {
				ASSETCATALOG_COMPILER_APPICON_NAME = AppIcon;
				ASSETCATALOG_COMPILER_GLOBAL_ACCENT_COLOR_NAME = AccentColor;
				CODE_SIGN_STYLE = Automatic;
				DEVELOPMENT_TEAM = TDY68T62HW;
				INFOPLIST_FILE = ARhunt/Info.plist;
				IPHONEOS_DEPLOYMENT_TARGET = 14.1;
				LD_RUNPATH_SEARCH_PATHS = (
					"$(inherited)",
					"@executable_path/Frameworks",
				);
				PRODUCT_BUNDLE_IDENTIFIER = com.shahzebahmed.ARhunt;
				PRODUCT_NAME = "$(TARGET_NAME)";
				SWIFT_VERSION = 5.0;
				TARGETED_DEVICE_FAMILY = "1,2";
			};
			name = Debug;
		};
		BFD2D7EB261E4F6400977F07 /* Release */ = {
			isa = XCBuildConfiguration;
			baseConfigurationReference = 73EA46F545302CD6874233C0 /* Pods-ARhunt.release.xcconfig */;
			buildSettings = {
				ASSETCATALOG_COMPILER_APPICON_NAME = AppIcon;
				ASSETCATALOG_COMPILER_GLOBAL_ACCENT_COLOR_NAME = AccentColor;
				CODE_SIGN_STYLE = Automatic;
				DEVELOPMENT_TEAM = TDY68T62HW;
				INFOPLIST_FILE = ARhunt/Info.plist;
				IPHONEOS_DEPLOYMENT_TARGET = 14.1;
				LD_RUNPATH_SEARCH_PATHS = (
					"$(inherited)",
					"@executable_path/Frameworks",
				);
				PRODUCT_BUNDLE_IDENTIFIER = com.shahzebahmed.ARhunt;
				PRODUCT_NAME = "$(TARGET_NAME)";
				SWIFT_VERSION = 5.0;
				TARGETED_DEVICE_FAMILY = "1,2";
			};
			name = Release;
		};
/* End XCBuildConfiguration section */

/* Begin XCConfigurationList section */
		BFD2D7D0261E4F6200977F07 /* Build configuration list for PBXProject "ARhunt" */ = {
			isa = XCConfigurationList;
			buildConfigurations = (
				BFD2D7E7261E4F6400977F07 /* Debug */,
				BFD2D7E8261E4F6400977F07 /* Release */,
			);
			defaultConfigurationIsVisible = 0;
			defaultConfigurationName = Release;
		};
		BFD2D7E9261E4F6400977F07 /* Build configuration list for PBXNativeTarget "ARhunt" */ = {
			isa = XCConfigurationList;
			buildConfigurations = (
				BFD2D7EA261E4F6400977F07 /* Debug */,
				BFD2D7EB261E4F6400977F07 /* Release */,
			);
			defaultConfigurationIsVisible = 0;
			defaultConfigurationName = Release;
		};
/* End XCConfigurationList section */
	};
	rootObject = BFD2D7CD261E4F6200977F07 /* Project object */;
}
